
Microsoft Visual Studio Solution File, Format Version 12.00
# Visual Studio 15
VisualStudioVersion = 15.0.27428.2011
MinimumVisualStudioVersion = 10.0.40219.1
Project("{FAE04EC0-301F-11D3-BF4B-00C04F79EFBC}") = "SyncTrackLog", "SyncTrackLog\SyncTrackLog.csproj", "{108772A0-D47A-4DCE-A3A7-F6793FAFF2BD}"
EndProject
Global
	GlobalSection(SolutionConfigurationPlatforms) = preSolution
		Debug|Any CPU = Debug|Any CPU
		Release|Any CPU = Release|Any CPU
	EndGlobalSection
	GlobalSection(ProjectConfigurationPlatforms) = postSolution
		{108772A0-D47A-4DCE-A3A7-F6793FAFF2BD}.Debug|Any CPU.ActiveCfg = Debug|Any CPU
		{108772A0-D47A-4DCE-A3A7-F6793FAFF2BD}.Debug|Any CPU.Build.0 = Debug|Any CPU
		{108772A0-D47A-4DCE-A3A7-F6793FAFF2BD}.Release|Any CPU.ActiveCfg = Release|Any CPU
		{108772A0-D47A-4DCE-A3A7-F6793FAFF2BD}.Release|Any CPU.Build.0 = Release|Any CPU
	EndGlobalSection
	GlobalSection(SolutionProperties) = preSolution
		HideSolutionNode = FALSE
	EndGlobalSection
	GlobalSection(ExtensibilityGlobals) = postSolution
		SolutionGuid = {BCB96CDB-6C15-4F4A-B016-B8FD7C3CB94D}
	EndGlobalSection
EndGlobal
